{
  "name": "lamed-automation-scripts",
  "version": "1.0.0",
  "lockfileVersion": 3,
  "requires": true,
  "packages": {
    "": {
      "name": "lamed-automation-scripts",
      "version": "1.0.0",
      "license": "ISC",
      "dependencies": {
        "axios": "^1.7.2"
      }
    },
    "node_modules/axios": {
      "version": "1.7.2",
      "resolved": "https://registry.npmjs.org/axios/-/axios-1.7.2.tgz",
      "integrity": "sha512-QYtKBl/bguI/asNEi29mV35nZ9+wtrUnvpt2nbwYEC+UoExgVnIStOmyx1iREGVpOFUe9K/gQs/zD/DDyK1g0g==",
      "dependencies": {
        "follow-redirects": "^1.15.6",
        "form-data": "^4.0.0",
        "proxy-from-env": "^1.1.0"
      }
    },
    "node_modules/asynckit": {
      "version": "0.4.0",
      "resolved": "https://registry.npmjs.org/asynckit/-/asynckit-0.4.0.tgz",
      "integrity": "sha512-Oei9OH4tRh0YqU3Gxh1RLCowfjiRBSTTHHWQSBDCulpinFgtstAXosvh2snpeUmFtFJ3IOKbfl575Ws9sMozlg==",
      "peer": true
    },
    "node_modules/combined-stream": {
      "version": "1.0.8",
      "resolved": "https://registry.npmjs.org/combined-stream/-/combined-stream-1.0.8.tgz",
      "integrity": "sha512-FQN4MRfuJeHf7cBbBMJFXadcsbogSG5fsU+5rxwhOrye+12svgoD8psWdF+bBBawe6wRa+x+MajOdkvEvrwdQ==",
      "peer": true,
      "dependencies": {
        "delayed-stream": "~1.0.0"
      },
      "engines": {
        "node": ">= 0.8"
      }
    },
    "node_modules/delayed-stream": {
      "version": "1.0.0",
      "resolved": "https://registry.npmjs.org/delayed-stream/-/delayed-stream-1.0.0.tgz",
      "integrity": "sha512-ZySD7Nf91aLB0RxL4KBTkBn/J/jggPA5zKaAcG2fZQlqgGnLSVbDSoU2EDmvLFP7uzax1AwLqC8CkW4A2ueZero==",
      "peer": true,
      "engines": {
        "node": ">=0.4.0"
      }
    },
    "node_modules/follow-redirects": {
      "version": "1.15.6",
      "resolved": "https://registry.npmjs.org/follow-redirects/-/follow-redirects-1.15.6.tgz",
      "integrity": "sha512-wS2BB8hHkQn+fDAp9ABYgogkH043/i/M4f/3jKBEPoeLgCbhIO2t4y5cK1i3bGT7B02t6A+h+9hHxvK9DqXy+Q==",
      "funding": [
        {
          "type": "individual",
          "url": "https://github.com/sponsors/RubenVerborgh"
        }
      ],
      "engines": {
        "node": ">=4.0"
      },
      "peerDependenciesMeta": {
        "debug": {
          "optional": true
        }
      }
    },
    "node_modules/form-data": {
      "version": "4.0.0",
      "resolved": "https://registry.npmjs.org/form-data/-/form-data-4.0.0.tgz",
      "integrity": "sha512-ETEbY+lnbFBnBCd7+MV2fLIO2BfAklKNwGf5U7XprcNrJ+UdeVm2zR/ov0y8tM9YJ791UZ+MXoJ4bt+W7SJEBA==",
      "dependencies": {
        "asynckit": "^0.4.0",
        "combined-stream": "^1.0.8",
        "mime-types": "^2.1.12"
      },
      "engines": {
        "node": ">= 6"
      }
    },
    "node_modules/mime-db": {
      "version": "1.52.0",
      "resolved": "https://registry.npmjs.org/mime-db/-/mime-db-1.52.0.tgz",
      "integrity": "sha512-sPU4uV7dYlAPeJxliKz3RTiL70bmmQnrC2FmbRRr2lveKaSo2TjIbKovVEasDffoZZElZ2e0MReUwhXSLDB3iw==",
      "peer": true,
      "engines": {
        "node": ">= 0.6"
      }
    },
    "node_modules/mime-types": {
      "version": "2.1.35",
      "resolved": "https://registry.npmjs.org/mime-types/-/mime-types-2.1.35.tgz",
      "integrity": "sha512-ZDY+bPm5zTTF+YpCrAU9nK0UgICYPT0QtT1NZWFv4s++TNkcgVaT0g6+4R2uI4MjQjzysHB1zxuMA6GNnbkT+g==",
      "peer": true,
      "dependencies": {
        "mime-db": "1.52.0"
      },
      "engines": {
        "node": ">= 0.6"
      }
    },
    "node_modules/proxy-from-env": {
      "version": "1.1.0",
      "resolved": "https://registry.npmjs.org/proxy-from-env/-/proxy-from-env-1.1.0.tgz",
      "integrity": "sha512-D+zkORCbA9f1tdBIK0Ra_dzEXptp1NkUdiK+hxTBA_YpcqVdEmkwpBcoHyaMARa4_KPGg2TRoLoaGfc3ioTCdw=="
    }
  }
}
